net5.0:
  constants:
  - DEBUG
  - NET
  - NET5_0
  - NET5_0_OR_GREATER
  - NETCOREAPP
  - NETCOREAPP1_0_OR_GREATER
  - NETCOREAPP1_1_OR_GREATER
  - NETCOREAPP2_0_OR_GREATER
  - NETCOREAPP2_1_OR_GREATER
  - NETCOREAPP2_2_OR_GREATER
  - NETCOREAPP3_0_OR_GREATER
  - NETCOREAPP3_1_OR_GREATER
  - TRACE
  outputs:
  - bin/Debug/slngen/net472/McMaster.Extensions.CommandLineUtils.dll
  - bin/Debug/slngen/net472/Microsoft.Diagnostics.Tracing.EventSource.dll
  - bin/Debug/slngen/net472/Microsoft.Extensions.FileSystemGlobbing.dll
  - bin/Debug/slngen/net472/Microsoft.VisualStudio.RemoteControl.dll
  - bin/Debug/slngen/net472/Microsoft.VisualStudio.Setup.Configuration.Interop.dll
  - bin/Debug/slngen/net472/Microsoft.VisualStudio.Telemetry.dll
  - bin/Debug/slngen/net472/Microsoft.VisualStudio.Utilities.Internal.dll
  - bin/Debug/slngen/net472/Newtonsoft.Json.dll
  - bin/Debug/slngen/net472/slngen.exe
  - bin/Debug/slngen/net472/slngen.exe.config
  - bin/Debug/slngen/net472/System.ValueTuple.dll
  - bin/Debug/slngen/net5.0/McMaster.Extensions.CommandLineUtils.dll
  - bin/Debug/slngen/net5.0/Microsoft.Extensions.FileSystemGlobbing.dll
  - bin/Debug/slngen/net5.0/Microsoft.VisualStudio.RemoteControl.dll
  - bin/Debug/slngen/net5.0/Microsoft.VisualStudio.Setup.Configuration.Interop.dll
  - bin/Debug/slngen/net5.0/Microsoft.VisualStudio.Telemetry.dll
  - bin/Debug/slngen/net5.0/Microsoft.VisualStudio.Utilities.Internal.dll
  - bin/Debug/slngen/net5.0/Microsoft.Win32.SystemEvents.dll
  - bin/Debug/slngen/net5.0/Newtonsoft.Json.dll
  - bin/Debug/slngen/net5.0/runtimes/unix/lib/netcoreapp3.0/System.Drawing.Common.dll
  - bin/Debug/slngen/net5.0/runtimes/win/lib/netcoreapp2.0/System.Diagnostics.PerformanceCounter.dll
  - bin/Debug/slngen/net5.0/runtimes/win/lib/netcoreapp2.0/System.Management.dll
  - bin/Debug/slngen/net5.0/runtimes/win/lib/netcoreapp3.0/Microsoft.Win32.SystemEvents.dll
  - bin/Debug/slngen/net5.0/runtimes/win/lib/netcoreapp3.0/System.Drawing.Common.dll
  - bin/Debug/slngen/net5.0/runtimes/win/lib/netcoreapp3.0/System.Windows.Extensions.dll
  - bin/Debug/slngen/net5.0/runtimes/win/lib/netstandard2.0/System.Security.Cryptography.ProtectedData.dll
  - bin/Debug/slngen/net5.0/slngen
  - bin/Debug/slngen/net5.0/slngen.deps.json
  - bin/Debug/slngen/net5.0/slngen.dll
  - bin/Debug/slngen/net5.0/slngen.exe
  - bin/Debug/slngen/net5.0/slngen.runtimeconfig.json
  - bin/Debug/slngen/net5.0/System.CodeDom.dll
  - bin/Debug/slngen/net5.0/System.Configuration.ConfigurationManager.dll
  - bin/Debug/slngen/net5.0/System.Diagnostics.PerformanceCounter.dll
  - bin/Debug/slngen/net5.0/System.Drawing.Common.dll
  - bin/Debug/slngen/net5.0/System.Management.dll
  - bin/Debug/slngen/net5.0/System.Security.Cryptography.ProtectedData.dll
  - bin/Debug/slngen/net5.0/System.Security.Permissions.dll
  - bin/Debug/slngen/net5.0/System.Windows.Extensions.dll
  - bin/Debug/slngen/net6.0/McMaster.Extensions.CommandLineUtils.dll
  - bin/Debug/slngen/net6.0/Microsoft.Extensions.FileSystemGlobbing.dll
  - bin/Debug/slngen/net6.0/Microsoft.VisualStudio.RemoteControl.dll
  - bin/Debug/slngen/net6.0/Microsoft.VisualStudio.Setup.Configuration.Interop.dll
  - bin/Debug/slngen/net6.0/Microsoft.VisualStudio.Telemetry.dll
  - bin/Debug/slngen/net6.0/Microsoft.VisualStudio.Utilities.Internal.dll
  - bin/Debug/slngen/net6.0/Microsoft.Win32.SystemEvents.dll
  - bin/Debug/slngen/net6.0/Newtonsoft.Json.dll
  - bin/Debug/slngen/net6.0/runtimes/unix/lib/netcoreapp3.0/System.Drawing.Common.dll
  - bin/Debug/slngen/net6.0/runtimes/win/lib/netcoreapp2.0/System.Diagnostics.PerformanceCounter.dll
  - bin/Debug/slngen/net6.0/runtimes/win/lib/netcoreapp2.0/System.Management.dll
  - bin/Debug/slngen/net6.0/runtimes/win/lib/netcoreapp3.0/Microsoft.Win32.SystemEvents.dll
  - bin/Debug/slngen/net6.0/runtimes/win/lib/netcoreapp3.0/System.Drawing.Common.dll
  - bin/Debug/slngen/net6.0/runtimes/win/lib/netcoreapp3.0/System.Windows.Extensions.dll
  - bin/Debug/slngen/net6.0/runtimes/win/lib/netstandard2.0/System.Security.Cryptography.ProtectedData.dll
  - bin/Debug/slngen/net6.0/slngen
  - bin/Debug/slngen/net6.0/slngen.deps.json
  - bin/Debug/slngen/net6.0/slngen.dll
  - bin/Debug/slngen/net6.0/slngen.exe
  - bin/Debug/slngen/net6.0/slngen.runtimeconfig.json
  - bin/Debug/slngen/net6.0/System.CodeDom.dll
  - bin/Debug/slngen/net6.0/System.Configuration.ConfigurationManager.dll
  - bin/Debug/slngen/net6.0/System.Diagnostics.PerformanceCounter.dll
  - bin/Debug/slngen/net6.0/System.Drawing.Common.dll
  - bin/Debug/slngen/net6.0/System.Management.dll
  - bin/Debug/slngen/net6.0/System.Security.Cryptography.ProtectedData.dll
  - bin/Debug/slngen/net6.0/System.Security.Permissions.dll
  - bin/Debug/slngen/net6.0/System.Windows.Extensions.dll
  - bin/Debug/slngen/netcoreapp3.1/McMaster.Extensions.CommandLineUtils.dll
  - bin/Debug/slngen/netcoreapp3.1/Microsoft.Extensions.FileSystemGlobbing.dll
  - bin/Debug/slngen/netcoreapp3.1/Microsoft.VisualStudio.RemoteControl.dll
  - bin/Debug/slngen/netcoreapp3.1/Microsoft.VisualStudio.Setup.Configuration.Interop.dll
  - bin/Debug/slngen/netcoreapp3.1/Microsoft.VisualStudio.Telemetry.dll
  - bin/Debug/slngen/netcoreapp3.1/Microsoft.VisualStudio.Utilities.Internal.dll
  - bin/Debug/slngen/netcoreapp3.1/Microsoft.Win32.SystemEvents.dll
  - bin/Debug/slngen/netcoreapp3.1/Newtonsoft.Json.dll
  - bin/Debug/slngen/netcoreapp3.1/runtimes/unix/lib/netcoreapp2.1/System.Security.Principal.Windows.dll
  - bin/Debug/slngen/netcoreapp3.1/runtimes/unix/lib/netcoreapp3.0/System.Drawing.Common.dll
  - bin/Debug/slngen/netcoreapp3.1/runtimes/win/lib/netcoreapp2.0/System.Diagnostics.PerformanceCounter.dll
  - bin/Debug/slngen/netcoreapp3.1/runtimes/win/lib/netcoreapp2.0/System.Management.dll
  - bin/Debug/slngen/netcoreapp3.1/runtimes/win/lib/netcoreapp2.0/System.Security.AccessControl.dll
  - bin/Debug/slngen/netcoreapp3.1/runtimes/win/lib/netcoreapp2.1/System.Security.Principal.Windows.dll
  - bin/Debug/slngen/netcoreapp3.1/runtimes/win/lib/netcoreapp3.0/Microsoft.Win32.SystemEvents.dll
  - bin/Debug/slngen/netcoreapp3.1/runtimes/win/lib/netcoreapp3.0/System.Drawing.Common.dll
  - bin/Debug/slngen/netcoreapp3.1/runtimes/win/lib/netcoreapp3.0/System.Windows.Extensions.dll
  - bin/Debug/slngen/netcoreapp3.1/runtimes/win/lib/netstandard2.0/System.Security.Cryptography.ProtectedData.dll
  - bin/Debug/slngen/netcoreapp3.1/slngen
  - bin/Debug/slngen/netcoreapp3.1/slngen.deps.json
  - bin/Debug/slngen/netcoreapp3.1/slngen.dll
  - bin/Debug/slngen/netcoreapp3.1/slngen.exe
  - bin/Debug/slngen/netcoreapp3.1/slngen.runtimeconfig.json
  - bin/Debug/slngen/netcoreapp3.1/System.CodeDom.dll
  - bin/Debug/slngen/netcoreapp3.1/System.ComponentModel.Annotations.dll
  - bin/Debug/slngen/netcoreapp3.1/System.Configuration.ConfigurationManager.dll
  - bin/Debug/slngen/netcoreapp3.1/System.Diagnostics.PerformanceCounter.dll
  - bin/Debug/slngen/netcoreapp3.1/System.Drawing.Common.dll
  - bin/Debug/slngen/netcoreapp3.1/System.Management.dll
  - bin/Debug/slngen/netcoreapp3.1/System.Security.AccessControl.dll
  - bin/Debug/slngen/netcoreapp3.1/System.Security.Cryptography.ProtectedData.dll
  - bin/Debug/slngen/netcoreapp3.1/System.Security.Permissions.dll
  - bin/Debug/slngen/netcoreapp3.1/System.Security.Principal.Windows.dll
  - bin/Debug/slngen/netcoreapp3.1/System.Windows.Extensions.dll
  - Microsoft.VisualStudio.Setup.Configuration.Interop.dll
  - ref/slngen.dll
  - slngen.deps.json
  - slngen.deps.json
  - slngen.deps.json
  - slngen.deps.json
  - slngen.dll
  - slngen.exe
  - slngen.pdb
  - slngen.runtimeconfig.dev.json
  - slngen.runtimeconfig.dev.json
  - slngen.runtimeconfig.dev.json
  - slngen.runtimeconfig.json
  - slngen.runtimeconfig.json
  - slngen.runtimeconfig.json
  - slngen.runtimeconfig.json
  references:
  - {NetCoreTargetingPackRoot}/Microsoft.NETCore.App.Ref/5.0.0/ref/net5.0/Microsoft.CSharp.dll
  - {NetCoreTargetingPackRoot}/Microsoft.NETCore.App.Ref/5.0.0/ref/net5.0/Microsoft.VisualBasic.Core.dll
  - {NetCoreTargetingPackRoot}/Microsoft.NETCore.App.Ref/5.0.0/ref/net5.0/Microsoft.VisualBasic.dll
  - {NetCoreTargetingPackRoot}/Microsoft.NETCore.App.Ref/5.0.0/ref/net5.0/Microsoft.Win32.Primitives.dll
  - {NetCoreTargetingPackRoot}/Microsoft.NETCore.App.Ref/5.0.0/ref/net5.0/mscorlib.dll
  - {NetCoreTargetingPackRoot}/Microsoft.NETCore.App.Ref/5.0.0/ref/net5.0/netstandard.dll
  - {NetCoreTargetingPackRoot}/Microsoft.NETCore.App.Ref/5.0.0/ref/net5.0/System.AppContext.dll
  - {NetCoreTargetingPackRoot}/Microsoft.NETCore.App.Ref/5.0.0/ref/net5.0/System.Buffers.dll
  - {NetCoreTargetingPackRoot}/Microsoft.NETCore.App.Ref/5.0.0/ref/net5.0/System.Collections.Concurrent.dll
  - {NetCoreTargetingPackRoot}/Microsoft.NETCore.App.Ref/5.0.0/ref/net5.0/System.Collections.dll
  - {NetCoreTargetingPackRoot}/Microsoft.NETCore.App.Ref/5.0.0/ref/net5.0/System.Collections.Immutable.dll
  - {NetCoreTargetingPackRoot}/Microsoft.NETCore.App.Ref/5.0.0/ref/net5.0/System.Collections.NonGeneric.dll
  - {NetCoreTargetingPackRoot}/Microsoft.NETCore.App.Ref/5.0.0/ref/net5.0/System.Collections.Specialized.dll
  - {NetCoreTargetingPackRoot}/Microsoft.NETCore.App.Ref/5.0.0/ref/net5.0/System.ComponentModel.Annotations.dll
  - {NetCoreTargetingPackRoot}/Microsoft.NETCore.App.Ref/5.0.0/ref/net5.0/System.ComponentModel.DataAnnotations.dll
  - {NetCoreTargetingPackRoot}/Microsoft.NETCore.App.Ref/5.0.0/ref/net5.0/System.ComponentModel.dll
  - {NetCoreTargetingPackRoot}/Microsoft.NETCore.App.Ref/5.0.0/ref/net5.0/System.ComponentModel.EventBasedAsync.dll
  - {NetCoreTargetingPackRoot}/Microsoft.NETCore.App.Ref/5.0.0/ref/net5.0/System.ComponentModel.Primitives.dll
  - {NetCoreTargetingPackRoot}/Microsoft.NETCore.App.Ref/5.0.0/ref/net5.0/System.ComponentModel.TypeConverter.dll
  - {NetCoreTargetingPackRoot}/Microsoft.NETCore.App.Ref/5.0.0/ref/net5.0/System.Configuration.dll
  - {NetCoreTargetingPackRoot}/Microsoft.NETCore.App.Ref/5.0.0/ref/net5.0/System.Console.dll
  - {NetCoreTargetingPackRoot}/Microsoft.NETCore.App.Ref/5.0.0/ref/net5.0/System.Core.dll
  - {NetCoreTargetingPackRoot}/Microsoft.NETCore.App.Ref/5.0.0/ref/net5.0/System.Data.Common.dll
  - {NetCoreTargetingPackRoot}/Microsoft.NETCore.App.Ref/5.0.0/ref/net5.0/System.Data.DataSetExtensions.dll
  - {NetCoreTargetingPackRoot}/Microsoft.NETCore.App.Ref/5.0.0/ref/net5.0/System.Data.dll
  - {NetCoreTargetingPackRoot}/Microsoft.NETCore.App.Ref/5.0.0/ref/net5.0/System.Diagnostics.Contracts.dll
  - {NetCoreTargetingPackRoot}/Microsoft.NETCore.App.Ref/5.0.0/ref/net5.0/System.Diagnostics.Debug.dll
  - {NetCoreTargetingPackRoot}/Microsoft.NETCore.App.Ref/5.0.0/ref/net5.0/System.Diagnostics.DiagnosticSource.dll
  - {NetCoreTargetingPackRoot}/Microsoft.NETCore.App.Ref/5.0.0/ref/net5.0/System.Diagnostics.FileVersionInfo.dll
  - {NetCoreTargetingPackRoot}/Microsoft.NETCore.App.Ref/5.0.0/ref/net5.0/System.Diagnostics.Process.dll
  - {NetCoreTargetingPackRoot}/Microsoft.NETCore.App.Ref/5.0.0/ref/net5.0/System.Diagnostics.StackTrace.dll
  - {NetCoreTargetingPackRoot}/Microsoft.NETCore.App.Ref/5.0.0/ref/net5.0/System.Diagnostics.TextWriterTraceListener.dll
  - {NetCoreTargetingPackRoot}/Microsoft.NETCore.App.Ref/5.0.0/ref/net5.0/System.Diagnostics.Tools.dll
  - {NetCoreTargetingPackRoot}/Microsoft.NETCore.App.Ref/5.0.0/ref/net5.0/System.Diagnostics.TraceSource.dll
  - {NetCoreTargetingPackRoot}/Microsoft.NETCore.App.Ref/5.0.0/ref/net5.0/System.Diagnostics.Tracing.dll
  - {NetCoreTargetingPackRoot}/Microsoft.NETCore.App.Ref/5.0.0/ref/net5.0/System.dll
  - {NetCoreTargetingPackRoot}/Microsoft.NETCore.App.Ref/5.0.0/ref/net5.0/System.Drawing.dll
  - {NetCoreTargetingPackRoot}/Microsoft.NETCore.App.Ref/5.0.0/ref/net5.0/System.Drawing.Primitives.dll
  - {NetCoreTargetingPackRoot}/Microsoft.NETCore.App.Ref/5.0.0/ref/net5.0/System.Dynamic.Runtime.dll
  - {NetCoreTargetingPackRoot}/Microsoft.NETCore.App.Ref/5.0.0/ref/net5.0/System.Formats.Asn1.dll
  - {NetCoreTargetingPackRoot}/Microsoft.NETCore.App.Ref/5.0.0/ref/net5.0/System.Globalization.Calendars.dll
  - {NetCoreTargetingPackRoot}/Microsoft.NETCore.App.Ref/5.0.0/ref/net5.0/System.Globalization.dll
  - {NetCoreTargetingPackRoot}/Microsoft.NETCore.App.Ref/5.0.0/ref/net5.0/System.Globalization.Extensions.dll
  - {NetCoreTargetingPackRoot}/Microsoft.NETCore.App.Ref/5.0.0/ref/net5.0/System.IO.Compression.Brotli.dll
  - {NetCoreTargetingPackRoot}/Microsoft.NETCore.App.Ref/5.0.0/ref/net5.0/System.IO.Compression.dll
  - {NetCoreTargetingPackRoot}/Microsoft.NETCore.App.Ref/5.0.0/ref/net5.0/System.IO.Compression.FileSystem.dll
  - {NetCoreTargetingPackRoot}/Microsoft.NETCore.App.Ref/5.0.0/ref/net5.0/System.IO.Compression.ZipFile.dll
  - {NetCoreTargetingPackRoot}/Microsoft.NETCore.App.Ref/5.0.0/ref/net5.0/System.IO.dll
  - {NetCoreTargetingPackRoot}/Microsoft.NETCore.App.Ref/5.0.0/ref/net5.0/System.IO.FileSystem.dll
  - {NetCoreTargetingPackRoot}/Microsoft.NETCore.App.Ref/5.0.0/ref/net5.0/System.IO.FileSystem.DriveInfo.dll
  - {NetCoreTargetingPackRoot}/Microsoft.NETCore.App.Ref/5.0.0/ref/net5.0/System.IO.FileSystem.Primitives.dll
  - {NetCoreTargetingPackRoot}/Microsoft.NETCore.App.Ref/5.0.0/ref/net5.0/System.IO.FileSystem.Watcher.dll
  - {NetCoreTargetingPackRoot}/Microsoft.NETCore.App.Ref/5.0.0/ref/net5.0/System.IO.IsolatedStorage.dll
  - {NetCoreTargetingPackRoot}/Microsoft.NETCore.App.Ref/5.0.0/ref/net5.0/System.IO.MemoryMappedFiles.dll
  - {NetCoreTargetingPackRoot}/Microsoft.NETCore.App.Ref/5.0.0/ref/net5.0/System.IO.Pipes.dll
  - {NetCoreTargetingPackRoot}/Microsoft.NETCore.App.Ref/5.0.0/ref/net5.0/System.IO.UnmanagedMemoryStream.dll
  - {NetCoreTargetingPackRoot}/Microsoft.NETCore.App.Ref/5.0.0/ref/net5.0/System.Linq.dll
  - {NetCoreTargetingPackRoot}/Microsoft.NETCore.App.Ref/5.0.0/ref/net5.0/System.Linq.Expressions.dll
  - {NetCoreTargetingPackRoot}/Microsoft.NETCore.App.Ref/5.0.0/ref/net5.0/System.Linq.Parallel.dll
  - {NetCoreTargetingPackRoot}/Microsoft.NETCore.App.Ref/5.0.0/ref/net5.0/System.Linq.Queryable.dll
  - {NetCoreTargetingPackRoot}/Microsoft.NETCore.App.Ref/5.0.0/ref/net5.0/System.Memory.dll
  - {NetCoreTargetingPackRoot}/Microsoft.NETCore.App.Ref/5.0.0/ref/net5.0/System.Net.dll
  - {NetCoreTargetingPackRoot}/Microsoft.NETCore.App.Ref/5.0.0/ref/net5.0/System.Net.Http.dll
  - {NetCoreTargetingPackRoot}/Microsoft.NETCore.App.Ref/5.0.0/ref/net5.0/System.Net.Http.Json.dll
  - {NetCoreTargetingPackRoot}/Microsoft.NETCore.App.Ref/5.0.0/ref/net5.0/System.Net.HttpListener.dll
  - {NetCoreTargetingPackRoot}/Microsoft.NETCore.App.Ref/5.0.0/ref/net5.0/System.Net.Mail.dll
  - {NetCoreTargetingPackRoot}/Microsoft.NETCore.App.Ref/5.0.0/ref/net5.0/System.Net.NameResolution.dll
  - {NetCoreTargetingPackRoot}/Microsoft.NETCore.App.Ref/5.0.0/ref/net5.0/System.Net.NetworkInformation.dll
  - {NetCoreTargetingPackRoot}/Microsoft.NETCore.App.Ref/5.0.0/ref/net5.0/System.Net.Ping.dll
  - {NetCoreTargetingPackRoot}/Microsoft.NETCore.App.Ref/5.0.0/ref/net5.0/System.Net.Primitives.dll
  - {NetCoreTargetingPackRoot}/Microsoft.NETCore.App.Ref/5.0.0/ref/net5.0/System.Net.Requests.dll
  - {NetCoreTargetingPackRoot}/Microsoft.NETCore.App.Ref/5.0.0/ref/net5.0/System.Net.Security.dll
  - {NetCoreTargetingPackRoot}/Microsoft.NETCore.App.Ref/5.0.0/ref/net5.0/System.Net.ServicePoint.dll
  - {NetCoreTargetingPackRoot}/Microsoft.NETCore.App.Ref/5.0.0/ref/net5.0/System.Net.Sockets.dll
  - {NetCoreTargetingPackRoot}/Microsoft.NETCore.App.Ref/5.0.0/ref/net5.0/System.Net.WebClient.dll
  - {NetCoreTargetingPackRoot}/Microsoft.NETCore.App.Ref/5.0.0/ref/net5.0/System.Net.WebHeaderCollection.dll
  - {NetCoreTargetingPackRoot}/Microsoft.NETCore.App.Ref/5.0.0/ref/net5.0/System.Net.WebProxy.dll
  - {NetCoreTargetingPackRoot}/Microsoft.NETCore.App.Ref/5.0.0/ref/net5.0/System.Net.WebSockets.Client.dll
  - {NetCoreTargetingPackRoot}/Microsoft.NETCore.App.Ref/5.0.0/ref/net5.0/System.Net.WebSockets.dll
  - {NetCoreTargetingPackRoot}/Microsoft.NETCore.App.Ref/5.0.0/ref/net5.0/System.Numerics.dll
  - {NetCoreTargetingPackRoot}/Microsoft.NETCore.App.Ref/5.0.0/ref/net5.0/System.Numerics.Vectors.dll
  - {NetCoreTargetingPackRoot}/Microsoft.NETCore.App.Ref/5.0.0/ref/net5.0/System.ObjectModel.dll
  - {NetCoreTargetingPackRoot}/Microsoft.NETCore.App.Ref/5.0.0/ref/net5.0/System.Reflection.DispatchProxy.dll
  - {NetCoreTargetingPackRoot}/Microsoft.NETCore.App.Ref/5.0.0/ref/net5.0/System.Reflection.dll
  - {NetCoreTargetingPackRoot}/Microsoft.NETCore.App.Ref/5.0.0/ref/net5.0/System.Reflection.Emit.dll
  - {NetCoreTargetingPackRoot}/Microsoft.NETCore.App.Ref/5.0.0/ref/net5.0/System.Reflection.Emit.ILGeneration.dll
  - {NetCoreTargetingPackRoot}/Microsoft.NETCore.App.Ref/5.0.0/ref/net5.0/System.Reflection.Emit.Lightweight.dll
  - {NetCoreTargetingPackRoot}/Microsoft.NETCore.App.Ref/5.0.0/ref/net5.0/System.Reflection.Extensions.dll
  - {NetCoreTargetingPackRoot}/Microsoft.NETCore.App.Ref/5.0.0/ref/net5.0/System.Reflection.Metadata.dll
  - {NetCoreTargetingPackRoot}/Microsoft.NETCore.App.Ref/5.0.0/ref/net5.0/System.Reflection.Primitives.dll
  - {NetCoreTargetingPackRoot}/Microsoft.NETCore.App.Ref/5.0.0/ref/net5.0/System.Reflection.TypeExtensions.dll
  - {NetCoreTargetingPackRoot}/Microsoft.NETCore.App.Ref/5.0.0/ref/net5.0/System.Resources.Reader.dll
  - {NetCoreTargetingPackRoot}/Microsoft.NETCore.App.Ref/5.0.0/ref/net5.0/System.Resources.ResourceManager.dll
  - {NetCoreTargetingPackRoot}/Microsoft.NETCore.App.Ref/5.0.0/ref/net5.0/System.Resources.Writer.dll
  - {NetCoreTargetingPackRoot}/Microsoft.NETCore.App.Ref/5.0.0/ref/net5.0/System.Runtime.CompilerServices.Unsafe.dll
  - {NetCoreTargetingPackRoot}/Microsoft.NETCore.App.Ref/5.0.0/ref/net5.0/System.Runtime.CompilerServices.VisualC.dll
  - {NetCoreTargetingPackRoot}/Microsoft.NETCore.App.Ref/5.0.0/ref/net5.0/System.Runtime.dll
  - {NetCoreTargetingPackRoot}/Microsoft.NETCore.App.Ref/5.0.0/ref/net5.0/System.Runtime.Extensions.dll
  - {NetCoreTargetingPackRoot}/Microsoft.NETCore.App.Ref/5.0.0/ref/net5.0/System.Runtime.Handles.dll
  - {NetCoreTargetingPackRoot}/Microsoft.NETCore.App.Ref/5.0.0/ref/net5.0/System.Runtime.InteropServices.dll
  - {NetCoreTargetingPackRoot}/Microsoft.NETCore.App.Ref/5.0.0/ref/net5.0/System.Runtime.InteropServices.RuntimeInformation.dll
  - {NetCoreTargetingPackRoot}/Microsoft.NETCore.App.Ref/5.0.0/ref/net5.0/System.Runtime.Intrinsics.dll
  - {NetCoreTargetingPackRoot}/Microsoft.NETCore.App.Ref/5.0.0/ref/net5.0/System.Runtime.Loader.dll
  - {NetCoreTargetingPackRoot}/Microsoft.NETCore.App.Ref/5.0.0/ref/net5.0/System.Runtime.Numerics.dll
  - {NetCoreTargetingPackRoot}/Microsoft.NETCore.App.Ref/5.0.0/ref/net5.0/System.Runtime.Serialization.dll
  - {NetCoreTargetingPackRoot}/Microsoft.NETCore.App.Ref/5.0.0/ref/net5.0/System.Runtime.Serialization.Formatters.dll
  - {NetCoreTargetingPackRoot}/Microsoft.NETCore.App.Ref/5.0.0/ref/net5.0/System.Runtime.Serialization.Json.dll
  - {NetCoreTargetingPackRoot}/Microsoft.NETCore.App.Ref/5.0.0/ref/net5.0/System.Runtime.Serialization.Primitives.dll
  - {NetCoreTargetingPackRoot}/Microsoft.NETCore.App.Ref/5.0.0/ref/net5.0/System.Runtime.Serialization.Xml.dll
  - {NetCoreTargetingPackRoot}/Microsoft.NETCore.App.Ref/5.0.0/ref/net5.0/System.Security.Claims.dll
  - {NetCoreTargetingPackRoot}/Microsoft.NETCore.App.Ref/5.0.0/ref/net5.0/System.Security.Cryptography.Algorithms.dll
  - {NetCoreTargetingPackRoot}/Microsoft.NETCore.App.Ref/5.0.0/ref/net5.0/System.Security.Cryptography.Csp.dll
  - {NetCoreTargetingPackRoot}/Microsoft.NETCore.App.Ref/5.0.0/ref/net5.0/System.Security.Cryptography.Encoding.dll
  - {NetCoreTargetingPackRoot}/Microsoft.NETCore.App.Ref/5.0.0/ref/net5.0/System.Security.Cryptography.Primitives.dll
  - {NetCoreTargetingPackRoot}/Microsoft.NETCore.App.Ref/5.0.0/ref/net5.0/System.Security.Cryptography.X509Certificates.dll
  - {NetCoreTargetingPackRoot}/Microsoft.NETCore.App.Ref/5.0.0/ref/net5.0/System.Security.dll
  - {NetCoreTargetingPackRoot}/Microsoft.NETCore.App.Ref/5.0.0/ref/net5.0/System.Security.Principal.dll
  - {NetCoreTargetingPackRoot}/Microsoft.NETCore.App.Ref/5.0.0/ref/net5.0/System.Security.SecureString.dll
  - {NetCoreTargetingPackRoot}/Microsoft.NETCore.App.Ref/5.0.0/ref/net5.0/System.ServiceModel.Web.dll
  - {NetCoreTargetingPackRoot}/Microsoft.NETCore.App.Ref/5.0.0/ref/net5.0/System.ServiceProcess.dll
  - {NetCoreTargetingPackRoot}/Microsoft.NETCore.App.Ref/5.0.0/ref/net5.0/System.Text.Encoding.CodePages.dll
  - {NetCoreTargetingPackRoot}/Microsoft.NETCore.App.Ref/5.0.0/ref/net5.0/System.Text.Encoding.dll
  - {NetCoreTargetingPackRoot}/Microsoft.NETCore.App.Ref/5.0.0/ref/net5.0/System.Text.Encoding.Extensions.dll
  - {NetCoreTargetingPackRoot}/Microsoft.NETCore.App.Ref/5.0.0/ref/net5.0/System.Text.Encodings.Web.dll
  - {NetCoreTargetingPackRoot}/Microsoft.NETCore.App.Ref/5.0.0/ref/net5.0/System.Text.Json.dll
  - {NetCoreTargetingPackRoot}/Microsoft.NETCore.App.Ref/5.0.0/ref/net5.0/System.Text.RegularExpressions.dll
  - {NetCoreTargetingPackRoot}/Microsoft.NETCore.App.Ref/5.0.0/ref/net5.0/System.Threading.Channels.dll
  - {NetCoreTargetingPackRoot}/Microsoft.NETCore.App.Ref/5.0.0/ref/net5.0/System.Threading.dll
  - {NetCoreTargetingPackRoot}/Microsoft.NETCore.App.Ref/5.0.0/ref/net5.0/System.Threading.Overlapped.dll
  - {NetCoreTargetingPackRoot}/Microsoft.NETCore.App.Ref/5.0.0/ref/net5.0/System.Threading.Tasks.Dataflow.dll
  - {NetCoreTargetingPackRoot}/Microsoft.NETCore.App.Ref/5.0.0/ref/net5.0/System.Threading.Tasks.dll
  - {NetCoreTargetingPackRoot}/Microsoft.NETCore.App.Ref/5.0.0/ref/net5.0/System.Threading.Tasks.Extensions.dll
  - {NetCoreTargetingPackRoot}/Microsoft.NETCore.App.Ref/5.0.0/ref/net5.0/System.Threading.Tasks.Parallel.dll
  - {NetCoreTargetingPackRoot}/Microsoft.NETCore.App.Ref/5.0.0/ref/net5.0/System.Threading.Thread.dll
  - {NetCoreTargetingPackRoot}/Microsoft.NETCore.App.Ref/5.0.0/ref/net5.0/System.Threading.ThreadPool.dll
  - {NetCoreTargetingPackRoot}/Microsoft.NETCore.App.Ref/5.0.0/ref/net5.0/System.Threading.Timer.dll
  - {NetCoreTargetingPackRoot}/Microsoft.NETCore.App.Ref/5.0.0/ref/net5.0/System.Transactions.dll
  - {NetCoreTargetingPackRoot}/Microsoft.NETCore.App.Ref/5.0.0/ref/net5.0/System.Transactions.Local.dll
  - {NetCoreTargetingPackRoot}/Microsoft.NETCore.App.Ref/5.0.0/ref/net5.0/System.ValueTuple.dll
  - {NetCoreTargetingPackRoot}/Microsoft.NETCore.App.Ref/5.0.0/ref/net5.0/System.Web.dll
  - {NetCoreTargetingPackRoot}/Microsoft.NETCore.App.Ref/5.0.0/ref/net5.0/System.Web.HttpUtility.dll
  - {NetCoreTargetingPackRoot}/Microsoft.NETCore.App.Ref/5.0.0/ref/net5.0/System.Windows.dll
  - {NetCoreTargetingPackRoot}/Microsoft.NETCore.App.Ref/5.0.0/ref/net5.0/System.Xml.dll
  - {NetCoreTargetingPackRoot}/Microsoft.NETCore.App.Ref/5.0.0/ref/net5.0/System.Xml.Linq.dll
  - {NetCoreTargetingPackRoot}/Microsoft.NETCore.App.Ref/5.0.0/ref/net5.0/System.Xml.ReaderWriter.dll
  - {NetCoreTargetingPackRoot}/Microsoft.NETCore.App.Ref/5.0.0/ref/net5.0/System.Xml.Serialization.dll
  - {NetCoreTargetingPackRoot}/Microsoft.NETCore.App.Ref/5.0.0/ref/net5.0/System.Xml.XDocument.dll
  - {NetCoreTargetingPackRoot}/Microsoft.NETCore.App.Ref/5.0.0/ref/net5.0/System.Xml.XmlDocument.dll
  - {NetCoreTargetingPackRoot}/Microsoft.NETCore.App.Ref/5.0.0/ref/net5.0/System.Xml.XmlSerializer.dll
  - {NetCoreTargetingPackRoot}/Microsoft.NETCore.App.Ref/5.0.0/ref/net5.0/System.Xml.XPath.dll
  - {NetCoreTargetingPackRoot}/Microsoft.NETCore.App.Ref/5.0.0/ref/net5.0/System.Xml.XPath.XDocument.dll
  - {NetCoreTargetingPackRoot}/Microsoft.NETCore.App.Ref/5.0.0/ref/net5.0/WindowsBase.dll
  - {NuGetPackageRoot}/microsoft.visualstudio.setup.configuration.interop/2.3.2262-g94fae01e/lib/netstandard2.1/Microsoft.VisualStudio.Setup.Configuration.Interop.dll
  sources:
  - ../GlobalSuppressions.cs
  - ../Shared/DevelopmentEnvironment.cs
  - ../Shared/DotNetCoreSdkResolver.cs
  - ../Shared/ExtensionMethods.Shared.cs
  - ../Shared/Utility.cs
  - ../Shared/VisualStudioConfiguration.cs
  - ../Shared/VisualStudioInstance.cs
  - Program.cs
